
Microsoft Visual Studio Solution File, Format Version 12.00
# Visual Studio 15
VisualStudioVersion = 15.0.26730.3
MinimumVisualStudioVersion = 10.0.40219.1
Project("{FAE04EC0-301F-11D3-BF4B-00C04F79EFBC}") = "Lind.DDD.Web", "Lind.DDD.Web\Lind.DDD.Web.csproj", "{43580422-0F2A-4593-A778-8D3B77B68953}"
EndProject
Project("{FAE04EC0-301F-11D3-BF4B-00C04F79EFBC}") = "Lind.DDD.Repositories.Redis", "Lind.DDD.Repositories.Redis\Lind.DDD.Repositories.Redis.csproj", "{1E1E73E7-7973-43C5-80F2-968818505E20}"
EndProject
Project("{FAE04EC0-301F-11D3-BF4B-00C04F79EFBC}") = "Lind.DDD.Repositories.Mongo", "Lind.DDD.Repositories.Mongo\Lind.DDD.Repositories.Mongo.csproj", "{A9859AED-F275-49C6-BB3F-00CF31C89FED}"
EndProject
Project("{2150E333-8FDC-42A3-9474-1A3956D46DE8}") = "1-仓储模块", "1-仓储模块", "{2F5DCE05-1247-490A-89B0-25BB78BCABB1}"
EndProject
Project("{FAE04EC0-301F-11D3-BF4B-00C04F79EFBC}") = "Lind.DDD.Repositories.EF", "Lind.DDD.Repositories.EF\Lind.DDD.Repositories.EF.csproj", "{60EDEA23-947C-4FEF-A97C-2A324ED133C0}"
EndProject
Project("{FAE04EC0-301F-11D3-BF4B-00C04F79EFBC}") = "Lind.DDD", "Lind.DDD\Lind.DDD.csproj", "{26B8BB75-982F-46D1-9106-1AF0A2E48726}"
EndProject
Project("{FAE04EC0-301F-11D3-BF4B-00C04F79EFBC}") = "Lind.DDD.Repositories.Xml", "Lind.DDD.Repositories.Xml\Lind.DDD.Repositories.Xml.csproj", "{A1D24335-26DB-439E-A08F-D101E9E7B529}"
EndProject
Project("{2150E333-8FDC-42A3-9474-1A3956D46DE8}") = "2-实例", "2-实例", "{6DBCF2D6-59D9-4AB9-BCFD-AA5C1E410073}"
EndProject
Project("{2150E333-8FDC-42A3-9474-1A3956D46DE8}") = "0-核心框架", "0-核心框架", "{2E5E7556-C078-491C-A12D-ED3BFBBAF58A}"
EndProject
Project("{FAE04EC0-301F-11D3-BF4B-00C04F79EFBC}") = "Lind.DDD.Manager", "Lind.DDD.Manager\Lind.DDD.Manager.csproj", "{54D3E7B3-A5B2-4E2B-8A1A-2A3F38D818AE}"
EndProject
Project("{FAE04EC0-301F-11D3-BF4B-00C04F79EFBC}") = "Lind.DDD.Repositories.ADO", "Lind.DDD.Repositories.ADO\Lind.DDD.Repositories.ADO.csproj", "{579CFB74-6253-4AEE-AC65-135037B315DC}"
EndProject
Project("{2150E333-8FDC-42A3-9474-1A3956D46DE8}") = "说明文档", "说明文档", "{BE9F84BC-BA80-4FF2-94D6-5450484DB592}"
	ProjectSection(SolutionItems) = preProject
		文档\Lind框架整体介绍.pdf = 文档\Lind框架整体介绍.pdf
		文档\仓储大叔讲系统架构目录.pdf = 文档\仓储大叔讲系统架构目录.pdf
		文档\关于API框架的技术点说明.pdf = 文档\关于API框架的技术点说明.pdf
		文档\关于后台框架的约定.pdf = 文档\关于后台框架的约定.pdf
		文档\功能模块.pdf = 文档\功能模块.pdf
		文档\大叔讲框架系列.pdf = 文档\大叔讲框架系列.pdf
		文档\大叔跟谁学外挂篇.pdf = 文档\大叔跟谁学外挂篇.pdf
	EndProjectSection
EndProject
Project("{2150E333-8FDC-42A3-9474-1A3956D46DE8}") = "3-框架测试", "3-框架测试", "{A807604D-AE67-41E2-9848-402A91875E9B}"
EndProject
Project("{FAE04EC0-301F-11D3-BF4B-00C04F79EFBC}") = "Lind.DDD.UnitTest", "Lind.DDD.UnitTest\Lind.DDD.UnitTest.csproj", "{3973900C-4FD9-4368-B792-A11EFA23F6AE}"
EndProject
Project("{FAE04EC0-301F-11D3-BF4B-00C04F79EFBC}") = "Lind.DDD.Repositories.Memory", "Lind.DDD.Repositories.Memory\Lind.DDD.Repositories.Memory.csproj", "{BACCA2C9-93F6-4FF1-9B66-CEE4183843EB}"
EndProject
Project("{FAE04EC0-301F-11D3-BF4B-00C04F79EFBC}") = "Lind.DDD.Api", "Lind.DDD.Api\Lind.DDD.Api.csproj", "{A768E484-884C-4EC2-BD9A-F08AFF0C82CE}"
EndProject
Project("{FAE04EC0-301F-11D3-BF4B-00C04F79EFBC}") = "Lind.DDD.Repositories.Dapper", "Lind.DDD.Repositories.Dapper\Lind.DDD.Repositories.Dapper.csproj", "{F32B1531-CCF7-4EF0-A929-FE98D8C4A44A}"
EndProject
Project("{FAE04EC0-301F-11D3-BF4B-00C04F79EFBC}") = "RedisUtils", "RedisUtils\RedisUtils.csproj", "{4A23FA4B-CC5C-4FE7-ABEB-11901FDFD698}"
EndProject
Global
	GlobalSection(SolutionConfigurationPlatforms) = preSolution
		Ad-Hoc|Any CPU = Ad-Hoc|Any CPU
		Ad-Hoc|iPhone = Ad-Hoc|iPhone
		Ad-Hoc|iPhoneSimulator = Ad-Hoc|iPhoneSimulator
		Ad-Hoc|Mixed Platforms = Ad-Hoc|Mixed Platforms
		AppStore|Any CPU = AppStore|Any CPU
		AppStore|iPhone = AppStore|iPhone
		AppStore|iPhoneSimulator = AppStore|iPhoneSimulator
		AppStore|Mixed Platforms = AppStore|Mixed Platforms
		Debug|Any CPU = Debug|Any CPU
		Debug|iPhone = Debug|iPhone
		Debug|iPhoneSimulator = Debug|iPhoneSimulator
		Debug|Mixed Platforms = Debug|Mixed Platforms
		Release|Any CPU = Release|Any CPU
		Release|iPhone = Release|iPhone
		Release|iPhoneSimulator = Release|iPhoneSimulator
		Release|Mixed Platforms = Release|Mixed Platforms
	EndGlobalSection
	GlobalSection(ProjectConfigurationPlatforms) = postSolution
		{43580422-0F2A-4593-A778-8D3B77B68953}.Ad-Hoc|Any CPU.ActiveCfg = Release|Any CPU
		{43580422-0F2A-4593-A778-8D3B77B68953}.Ad-Hoc|Any CPU.Build.0 = Release|Any CPU
		{43580422-0F2A-4593-A778-8D3B77B68953}.Ad-Hoc|iPhone.ActiveCfg = Release|Any CPU
		{43580422-0F2A-4593-A778-8D3B77B68953}.Ad-Hoc|iPhoneSimulator.ActiveCfg = Release|Any CPU
		{43580422-0F2A-4593-A778-8D3B77B68953}.Ad-Hoc|Mixed Platforms.ActiveCfg = Release|Any CPU
		{43580422-0F2A-4593-A778-8D3B77B68953}.Ad-Hoc|Mixed Platforms.Build.0 = Release|Any CPU
		{43580422-0F2A-4593-A778-8D3B77B68953}.AppStore|Any CPU.ActiveCfg = Release|Any CPU
		{43580422-0F2A-4593-A778-8D3B77B68953}.AppStore|Any CPU.Build.0 = Release|Any CPU
		{43580422-0F2A-4593-A778-8D3B77B68953}.AppStore|iPhone.ActiveCfg = Release|Any CPU
		{43580422-0F2A-4593-A778-8D3B77B68953}.AppStore|iPhoneSimulator.ActiveCfg = Release|Any CPU
		{43580422-0F2A-4593-A778-8D3B77B68953}.AppStore|Mixed Platforms.ActiveCfg = Release|Any CPU
		{43580422-0F2A-4593-A778-8D3B77B68953}.AppStore|Mixed Platforms.Build.0 = Release|Any CPU
		{43580422-0F2A-4593-A778-8D3B77B68953}.Debug|Any CPU.ActiveCfg = Debug|Any CPU
		{43580422-0F2A-4593-A778-8D3B77B68953}.Debug|Any CPU.Build.0 = Debug|Any CPU
		{43580422-0F2A-4593-A778-8D3B77B68953}.Debug|iPhone.ActiveCfg = Debug|Any CPU
		{43580422-0F2A-4593-A778-8D3B77B68953}.Debug|iPhoneSimulator.ActiveCfg = Debug|Any CPU
		{43580422-0F2A-4593-A778-8D3B77B68953}.Debug|Mixed Platforms.ActiveCfg = Debug|Any CPU
		{43580422-0F2A-4593-A778-8D3B77B68953}.Debug|Mixed Platforms.Build.0 = Debug|Any CPU
		{43580422-0F2A-4593-A778-8D3B77B68953}.Release|Any CPU.ActiveCfg = Release|Any CPU
		{43580422-0F2A-4593-A778-8D3B77B68953}.Release|Any CPU.Build.0 = Release|Any CPU
		{43580422-0F2A-4593-A778-8D3B77B68953}.Release|iPhone.ActiveCfg = Release|Any CPU
		{43580422-0F2A-4593-A778-8D3B77B68953}.Release|iPhoneSimulator.ActiveCfg = Release|Any CPU
		{43580422-0F2A-4593-A778-8D3B77B68953}.Release|Mixed Platforms.ActiveCfg = Release|Any CPU
		{43580422-0F2A-4593-A778-8D3B77B68953}.Release|Mixed Platforms.Build.0 = Release|Any CPU
		{1E1E73E7-7973-43C5-80F2-968818505E20}.Ad-Hoc|Any CPU.ActiveCfg = Release|Any CPU
		{1E1E73E7-7973-43C5-80F2-968818505E20}.Ad-Hoc|Any CPU.Build.0 = Release|Any CPU
		{1E1E73E7-7973-43C5-80F2-968818505E20}.Ad-Hoc|iPhone.ActiveCfg = Release|Any CPU
		{1E1E73E7-7973-43C5-80F2-968818505E20}.Ad-Hoc|iPhoneSimulator.ActiveCfg = Release|Any CPU
		{1E1E73E7-7973-43C5-80F2-968818505E20}.Ad-Hoc|Mixed Platforms.ActiveCfg = Release|Any CPU
		{1E1E73E7-7973-43C5-80F2-968818505E20}.Ad-Hoc|Mixed Platforms.Build.0 = Release|Any CPU
		{1E1E73E7-7973-43C5-80F2-968818505E20}.AppStore|Any CPU.ActiveCfg = Release|Any CPU
		{1E1E73E7-7973-43C5-80F2-968818505E20}.AppStore|Any CPU.Build.0 = Release|Any CPU
		{1E1E73E7-7973-43C5-80F2-968818505E20}.AppStore|iPhone.ActiveCfg = Release|Any CPU
		{1E1E73E7-7973-43C5-80F2-968818505E20}.AppStore|iPhoneSimulator.ActiveCfg = Release|Any CPU
		{1E1E73E7-7973-43C5-80F2-968818505E20}.AppStore|Mixed Platforms.ActiveCfg = Release|Any CPU
		{1E1E73E7-7973-43C5-80F2-968818505E20}.AppStore|Mixed Platforms.Build.0 = Release|Any CPU
		{1E1E73E7-7973-43C5-80F2-968818505E20}.Debug|Any CPU.ActiveCfg = Debug|Any CPU
		{1E1E73E7-7973-43C5-80F2-968818505E20}.Debug|Any CPU.Build.0 = Debug|Any CPU
		{1E1E73E7-7973-43C5-80F2-968818505E20}.Debug|iPhone.ActiveCfg = Debug|Any CPU
		{1E1E73E7-7973-43C5-80F2-968818505E20}.Debug|iPhoneSimulator.ActiveCfg = Debug|Any CPU
		{1E1E73E7-7973-43C5-80F2-968818505E20}.Debug|Mixed Platforms.ActiveCfg = Debug|Any CPU
		{1E1E73E7-7973-43C5-80F2-968818505E20}.Debug|Mixed Platforms.Build.0 = Debug|Any CPU
		{1E1E73E7-7973-43C5-80F2-968818505E20}.Release|Any CPU.ActiveCfg = Release|Any CPU
		{1E1E73E7-7973-43C5-80F2-968818505E20}.Release|Any CPU.Build.0 = Release|Any CPU
		{1E1E73E7-7973-43C5-80F2-968818505E20}.Release|iPhone.ActiveCfg = Release|Any CPU
		{1E1E73E7-7973-43C5-80F2-968818505E20}.Release|iPhoneSimulator.ActiveCfg = Release|Any CPU
		{1E1E73E7-7973-43C5-80F2-968818505E20}.Release|Mixed Platforms.ActiveCfg = Release|Any CPU
		{1E1E73E7-7973-43C5-80F2-968818505E20}.Release|Mixed Platforms.Build.0 = Release|Any CPU
		{A9859AED-F275-49C6-BB3F-00CF31C89FED}.Ad-Hoc|Any CPU.ActiveCfg = Release|Any CPU
		{A9859AED-F275-49C6-BB3F-00CF31C89FED}.Ad-Hoc|Any CPU.Build.0 = Release|Any CPU
		{A9859AED-F275-49C6-BB3F-00CF31C89FED}.Ad-Hoc|iPhone.ActiveCfg = Release|Any CPU
		{A9859AED-F275-49C6-BB3F-00CF31C89FED}.Ad-Hoc|iPhoneSimulator.ActiveCfg = Release|Any CPU
		{A9859AED-F275-49C6-BB3F-00CF31C89FED}.Ad-Hoc|Mixed Platforms.ActiveCfg = Release|Any CPU
		{A9859AED-F275-49C6-BB3F-00CF31C89FED}.Ad-Hoc|Mixed Platforms.Build.0 = Release|Any CPU
		{A9859AED-F275-49C6-BB3F-00CF31C89FED}.AppStore|Any CPU.ActiveCfg = Release|Any CPU
		{A9859AED-F275-49C6-BB3F-00CF31C89FED}.AppStore|Any CPU.Build.0 = Release|Any CPU
		{A9859AED-F275-49C6-BB3F-00CF31C89FED}.AppStore|iPhone.ActiveCfg = Release|Any CPU
		{A9859AED-F275-49C6-BB3F-00CF31C89FED}.AppStore|iPhoneSimulator.ActiveCfg = Release|Any CPU
		{A9859AED-F275-49C6-BB3F-00CF31C89FED}.AppStore|Mixed Platforms.ActiveCfg = Release|Any CPU
		{A9859AED-F275-49C6-BB3F-00CF31C89FED}.AppStore|Mixed Platforms.Build.0 = Release|Any CPU
		{A9859AED-F275-49C6-BB3F-00CF31C89FED}.Debug|Any CPU.ActiveCfg = Debug|Any CPU
		{A9859AED-F275-49C6-BB3F-00CF31C89FED}.Debug|Any CPU.Build.0 = Debug|Any CPU
		{A9859AED-F275-49C6-BB3F-00CF31C89FED}.Debug|iPhone.ActiveCfg = Debug|Any CPU
		{A9859AED-F275-49C6-BB3F-00CF31C89FED}.Debug|iPhoneSimulator.ActiveCfg = Debug|Any CPU
		{A9859AED-F275-49C6-BB3F-00CF31C89FED}.Debug|Mixed Platforms.ActiveCfg = Debug|Any CPU
		{A9859AED-F275-49C6-BB3F-00CF31C89FED}.Debug|Mixed Platforms.Build.0 = Debug|Any CPU
		{A9859AED-F275-49C6-BB3F-00CF31C89FED}.Release|Any CPU.ActiveCfg = Release|Any CPU
		{A9859AED-F275-49C6-BB3F-00CF31C89FED}.Release|Any CPU.Build.0 = Release|Any CPU
		{A9859AED-F275-49C6-BB3F-00CF31C89FED}.Release|iPhone.ActiveCfg = Release|Any CPU
		{A9859AED-F275-49C6-BB3F-00CF31C89FED}.Release|iPhoneSimulator.ActiveCfg = Release|Any CPU
		{A9859AED-F275-49C6-BB3F-00CF31C89FED}.Release|Mixed Platforms.ActiveCfg = Release|Any CPU
		{A9859AED-F275-49C6-BB3F-00CF31C89FED}.Release|Mixed Platforms.Build.0 = Release|Any CPU
		{60EDEA23-947C-4FEF-A97C-2A324ED133C0}.Ad-Hoc|Any CPU.ActiveCfg = Release|Any CPU
		{60EDEA23-947C-4FEF-A97C-2A324ED133C0}.Ad-Hoc|Any CPU.Build.0 = Release|Any CPU
		{60EDEA23-947C-4FEF-A97C-2A324ED133C0}.Ad-Hoc|iPhone.ActiveCfg = Release|Any CPU
		{60EDEA23-947C-4FEF-A97C-2A324ED133C0}.Ad-Hoc|iPhoneSimulator.ActiveCfg = Release|Any CPU
		{60EDEA23-947C-4FEF-A97C-2A324ED133C0}.Ad-Hoc|Mixed Platforms.ActiveCfg = Release|Any CPU
		{60EDEA23-947C-4FEF-A97C-2A324ED133C0}.Ad-Hoc|Mixed Platforms.Build.0 = Release|Any CPU
		{60EDEA23-947C-4FEF-A97C-2A324ED133C0}.AppStore|Any CPU.ActiveCfg = Release|Any CPU
		{60EDEA23-947C-4FEF-A97C-2A324ED133C0}.AppStore|Any CPU.Build.0 = Release|Any CPU
		{60EDEA23-947C-4FEF-A97C-2A324ED133C0}.AppStore|iPhone.ActiveCfg = Release|Any CPU
		{60EDEA23-947C-4FEF-A97C-2A324ED133C0}.AppStore|iPhoneSimulator.ActiveCfg = Release|Any CPU
		{60EDEA23-947C-4FEF-A97C-2A324ED133C0}.AppStore|Mixed Platforms.ActiveCfg = Release|Any CPU
		{60EDEA23-947C-4FEF-A97C-2A324ED133C0}.AppStore|Mixed Platforms.Build.0 = Release|Any CPU
		{60EDEA23-947C-4FEF-A97C-2A324ED133C0}.Debug|Any CPU.ActiveCfg = Debug|Any CPU
		{60EDEA23-947C-4FEF-A97C-2A324ED133C0}.Debug|Any CPU.Build.0 = Debug|Any CPU
		{60EDEA23-947C-4FEF-A97C-2A324ED133C0}.Debug|iPhone.ActiveCfg = Debug|Any CPU
		{60EDEA23-947C-4FEF-A97C-2A324ED133C0}.Debug|iPhoneSimulator.ActiveCfg = Debug|Any CPU
		{60EDEA23-947C-4FEF-A97C-2A324ED133C0}.Debug|Mixed Platforms.ActiveCfg = Debug|Any CPU
		{60EDEA23-947C-4FEF-A97C-2A324ED133C0}.Debug|Mixed Platforms.Build.0 = Debug|Any CPU
		{60EDEA23-947C-4FEF-A97C-2A324ED133C0}.Release|Any CPU.ActiveCfg = Release|Any CPU
		{60EDEA23-947C-4FEF-A97C-2A324ED133C0}.Release|Any CPU.Build.0 = Release|Any CPU
		{60EDEA23-947C-4FEF-A97C-2A324ED133C0}.Release|iPhone.ActiveCfg = Release|Any CPU
		{60EDEA23-947C-4FEF-A97C-2A324ED133C0}.Release|iPhoneSimulator.ActiveCfg = Release|Any CPU
		{60EDEA23-947C-4FEF-A97C-2A324ED133C0}.Release|Mixed Platforms.ActiveCfg = Release|Any CPU
		{60EDEA23-947C-4FEF-A97C-2A324ED133C0}.Release|Mixed Platforms.Build.0 = Release|Any CPU
		{26B8BB75-982F-46D1-9106-1AF0A2E48726}.Ad-Hoc|Any CPU.ActiveCfg = Release|Any CPU
		{26B8BB75-982F-46D1-9106-1AF0A2E48726}.Ad-Hoc|Any CPU.Build.0 = Release|Any CPU
		{26B8BB75-982F-46D1-9106-1AF0A2E48726}.Ad-Hoc|iPhone.ActiveCfg = Release|Any CPU
		{26B8BB75-982F-46D1-9106-1AF0A2E48726}.Ad-Hoc|iPhoneSimulator.ActiveCfg = Release|Any CPU
		{26B8BB75-982F-46D1-9106-1AF0A2E48726}.Ad-Hoc|Mixed Platforms.ActiveCfg = Release|Any CPU
		{26B8BB75-982F-46D1-9106-1AF0A2E48726}.Ad-Hoc|Mixed Platforms.Build.0 = Release|Any CPU
		{26B8BB75-982F-46D1-9106-1AF0A2E48726}.AppStore|Any CPU.ActiveCfg = Release|Any CPU
		{26B8BB75-982F-46D1-9106-1AF0A2E48726}.AppStore|Any CPU.Build.0 = Release|Any CPU
		{26B8BB75-982F-46D1-9106-1AF0A2E48726}.AppStore|iPhone.ActiveCfg = Release|Any CPU
		{26B8BB75-982F-46D1-9106-1AF0A2E48726}.AppStore|iPhoneSimulator.ActiveCfg = Release|Any CPU
		{26B8BB75-982F-46D1-9106-1AF0A2E48726}.AppStore|Mixed Platforms.ActiveCfg = Release|Any CPU
		{26B8BB75-982F-46D1-9106-1AF0A2E48726}.AppStore|Mixed Platforms.Build.0 = Release|Any CPU
		{26B8BB75-982F-46D1-9106-1AF0A2E48726}.Debug|Any CPU.ActiveCfg = Debug|Any CPU
		{26B8BB75-982F-46D1-9106-1AF0A2E48726}.Debug|Any CPU.Build.0 = Debug|Any CPU
		{26B8BB75-982F-46D1-9106-1AF0A2E48726}.Debug|iPhone.ActiveCfg = Debug|Any CPU
		{26B8BB75-982F-46D1-9106-1AF0A2E48726}.Debug|iPhoneSimulator.ActiveCfg = Debug|Any CPU
		{26B8BB75-982F-46D1-9106-1AF0A2E48726}.Debug|Mixed Platforms.ActiveCfg = Debug|Any CPU
		{26B8BB75-982F-46D1-9106-1AF0A2E48726}.Debug|Mixed Platforms.Build.0 = Debug|Any CPU
		{26B8BB75-982F-46D1-9106-1AF0A2E48726}.Release|Any CPU.ActiveCfg = Release|Any CPU
		{26B8BB75-982F-46D1-9106-1AF0A2E48726}.Release|Any CPU.Build.0 = Release|Any CPU
		{26B8BB75-982F-46D1-9106-1AF0A2E48726}.Release|iPhone.ActiveCfg = Release|Any CPU
		{26B8BB75-982F-46D1-9106-1AF0A2E48726}.Release|iPhoneSimulator.ActiveCfg = Release|Any CPU
		{26B8BB75-982F-46D1-9106-1AF0A2E48726}.Release|Mixed Platforms.ActiveCfg = Release|Any CPU
		{26B8BB75-982F-46D1-9106-1AF0A2E48726}.Release|Mixed Platforms.Build.0 = Release|Any CPU
		{A1D24335-26DB-439E-A08F-D101E9E7B529}.Ad-Hoc|Any CPU.ActiveCfg = Release|Any CPU
		{A1D24335-26DB-439E-A08F-D101E9E7B529}.Ad-Hoc|Any CPU.Build.0 = Release|Any CPU
		{A1D24335-26DB-439E-A08F-D101E9E7B529}.Ad-Hoc|iPhone.ActiveCfg = Release|Any CPU
		{A1D24335-26DB-439E-A08F-D101E9E7B529}.Ad-Hoc|iPhoneSimulator.ActiveCfg = Release|Any CPU
		{A1D24335-26DB-439E-A08F-D101E9E7B529}.Ad-Hoc|Mixed Platforms.ActiveCfg = Release|Any CPU
		{A1D24335-26DB-439E-A08F-D101E9E7B529}.Ad-Hoc|Mixed Platforms.Build.0 = Release|Any CPU
		{A1D24335-26DB-439E-A08F-D101E9E7B529}.AppStore|Any CPU.ActiveCfg = Release|Any CPU
		{A1D24335-26DB-439E-A08F-D101E9E7B529}.AppStore|Any CPU.Build.0 = Release|Any CPU
		{A1D24335-26DB-439E-A08F-D101E9E7B529}.AppStore|iPhone.ActiveCfg = Release|Any CPU
		{A1D24335-26DB-439E-A08F-D101E9E7B529}.AppStore|iPhoneSimulator.ActiveCfg = Release|Any CPU
		{A1D24335-26DB-439E-A08F-D101E9E7B529}.AppStore|Mixed Platforms.ActiveCfg = Release|Any CPU
		{A1D24335-26DB-439E-A08F-D101E9E7B529}.AppStore|Mixed Platforms.Build.0 = Release|Any CPU
		{A1D24335-26DB-439E-A08F-D101E9E7B529}.Debug|Any CPU.ActiveCfg = Debug|Any CPU
		{A1D24335-26DB-439E-A08F-D101E9E7B529}.Debug|Any CPU.Build.0 = Debug|Any CPU
		{A1D24335-26DB-439E-A08F-D101E9E7B529}.Debug|iPhone.ActiveCfg = Debug|Any CPU
		{A1D24335-26DB-439E-A08F-D101E9E7B529}.Debug|iPhoneSimulator.ActiveCfg = Debug|Any CPU
		{A1D24335-26DB-439E-A08F-D101E9E7B529}.Debug|Mixed Platforms.ActiveCfg = Debug|Any CPU
		{A1D24335-26DB-439E-A08F-D101E9E7B529}.Debug|Mixed Platforms.Build.0 = Debug|Any CPU
		{A1D24335-26DB-439E-A08F-D101E9E7B529}.Release|Any CPU.ActiveCfg = Release|Any CPU
		{A1D24335-26DB-439E-A08F-D101E9E7B529}.Release|Any CPU.Build.0 = Release|Any CPU
		{A1D24335-26DB-439E-A08F-D101E9E7B529}.Release|iPhone.ActiveCfg = Release|Any CPU
		{A1D24335-26DB-439E-A08F-D101E9E7B529}.Release|iPhoneSimulator.ActiveCfg = Release|Any CPU
		{A1D24335-26DB-439E-A08F-D101E9E7B529}.Release|Mixed Platforms.ActiveCfg = Release|Any CPU
		{A1D24335-26DB-439E-A08F-D101E9E7B529}.Release|Mixed Platforms.Build.0 = Release|Any CPU
		{54D3E7B3-A5B2-4E2B-8A1A-2A3F38D818AE}.Ad-Hoc|Any CPU.ActiveCfg = Release|Any CPU
		{54D3E7B3-A5B2-4E2B-8A1A-2A3F38D818AE}.Ad-Hoc|Any CPU.Build.0 = Release|Any CPU
		{54D3E7B3-A5B2-4E2B-8A1A-2A3F38D818AE}.Ad-Hoc|iPhone.ActiveCfg = Release|Any CPU
		{54D3E7B3-A5B2-4E2B-8A1A-2A3F38D818AE}.Ad-Hoc|iPhoneSimulator.ActiveCfg = Release|Any CPU
		{54D3E7B3-A5B2-4E2B-8A1A-2A3F38D818AE}.Ad-Hoc|Mixed Platforms.ActiveCfg = Release|Any CPU
		{54D3E7B3-A5B2-4E2B-8A1A-2A3F38D818AE}.Ad-Hoc|Mixed Platforms.Build.0 = Release|Any CPU
		{54D3E7B3-A5B2-4E2B-8A1A-2A3F38D818AE}.AppStore|Any CPU.ActiveCfg = Release|Any CPU
		{54D3E7B3-A5B2-4E2B-8A1A-2A3F38D818AE}.AppStore|Any CPU.Build.0 = Release|Any CPU
		{54D3E7B3-A5B2-4E2B-8A1A-2A3F38D818AE}.AppStore|iPhone.ActiveCfg = Release|Any CPU
		{54D3E7B3-A5B2-4E2B-8A1A-2A3F38D818AE}.AppStore|iPhoneSimulator.ActiveCfg = Release|Any CPU
		{54D3E7B3-A5B2-4E2B-8A1A-2A3F38D818AE}.AppStore|Mixed Platforms.ActiveCfg = Release|Any CPU
		{54D3E7B3-A5B2-4E2B-8A1A-2A3F38D818AE}.AppStore|Mixed Platforms.Build.0 = Release|Any CPU
		{54D3E7B3-A5B2-4E2B-8A1A-2A3F38D818AE}.Debug|Any CPU.ActiveCfg = Debug|Any CPU
		{54D3E7B3-A5B2-4E2B-8A1A-2A3F38D818AE}.Debug|Any CPU.Build.0 = Debug|Any CPU
		{54D3E7B3-A5B2-4E2B-8A1A-2A3F38D818AE}.Debug|iPhone.ActiveCfg = Debug|Any CPU
		{54D3E7B3-A5B2-4E2B-8A1A-2A3F38D818AE}.Debug|iPhoneSimulator.ActiveCfg = Debug|Any CPU
		{54D3E7B3-A5B2-4E2B-8A1A-2A3F38D818AE}.Debug|Mixed Platforms.ActiveCfg = Debug|Any CPU
		{54D3E7B3-A5B2-4E2B-8A1A-2A3F38D818AE}.Debug|Mixed Platforms.Build.0 = Debug|Any CPU
		{54D3E7B3-A5B2-4E2B-8A1A-2A3F38D818AE}.Release|Any CPU.ActiveCfg = Release|Any CPU
		{54D3E7B3-A5B2-4E2B-8A1A-2A3F38D818AE}.Release|Any CPU.Build.0 = Release|Any CPU
		{54D3E7B3-A5B2-4E2B-8A1A-2A3F38D818AE}.Release|iPhone.ActiveCfg = Release|Any CPU
		{54D3E7B3-A5B2-4E2B-8A1A-2A3F38D818AE}.Release|iPhoneSimulator.ActiveCfg = Release|Any CPU
		{54D3E7B3-A5B2-4E2B-8A1A-2A3F38D818AE}.Release|Mixed Platforms.ActiveCfg = Release|Any CPU
		{54D3E7B3-A5B2-4E2B-8A1A-2A3F38D818AE}.Release|Mixed Platforms.Build.0 = Release|Any CPU
		{579CFB74-6253-4AEE-AC65-135037B315DC}.Ad-Hoc|Any CPU.ActiveCfg = Release|Any CPU
		{579CFB74-6253-4AEE-AC65-135037B315DC}.Ad-Hoc|Any CPU.Build.0 = Release|Any CPU
		{579CFB74-6253-4AEE-AC65-135037B315DC}.Ad-Hoc|iPhone.ActiveCfg = Release|Any CPU
		{579CFB74-6253-4AEE-AC65-135037B315DC}.Ad-Hoc|iPhoneSimulator.ActiveCfg = Release|Any CPU
		{579CFB74-6253-4AEE-AC65-135037B315DC}.Ad-Hoc|Mixed Platforms.ActiveCfg = Release|Any CPU
		{579CFB74-6253-4AEE-AC65-135037B315DC}.Ad-Hoc|Mixed Platforms.Build.0 = Release|Any CPU
		{579CFB74-6253-4AEE-AC65-135037B315DC}.AppStore|Any CPU.ActiveCfg = Release|Any CPU
		{579CFB74-6253-4AEE-AC65-135037B315DC}.AppStore|Any CPU.Build.0 = Release|Any CPU
		{579CFB74-6253-4AEE-AC65-135037B315DC}.AppStore|iPhone.ActiveCfg = Release|Any CPU
		{579CFB74-6253-4AEE-AC65-135037B315DC}.AppStore|iPhoneSimulator.ActiveCfg = Release|Any CPU
		{579CFB74-6253-4AEE-AC65-135037B315DC}.AppStore|Mixed Platforms.ActiveCfg = Release|Any CPU
		{579CFB74-6253-4AEE-AC65-135037B315DC}.AppStore|Mixed Platforms.Build.0 = Release|Any CPU
		{579CFB74-6253-4AEE-AC65-135037B315DC}.Debug|Any CPU.ActiveCfg = Debug|Any CPU
		{579CFB74-6253-4AEE-AC65-135037B315DC}.Debug|Any CPU.Build.0 = Debug|Any CPU
		{579CFB74-6253-4AEE-AC65-135037B315DC}.Debug|iPhone.ActiveCfg = Debug|Any CPU
		{579CFB74-6253-4AEE-AC65-135037B315DC}.Debug|iPhoneSimulator.ActiveCfg = Debug|Any CPU
		{579CFB74-6253-4AEE-AC65-135037B315DC}.Debug|Mixed Platforms.ActiveCfg = Debug|Any CPU
		{579CFB74-6253-4AEE-AC65-135037B315DC}.Debug|Mixed Platforms.Build.0 = Debug|Any CPU
		{579CFB74-6253-4AEE-AC65-135037B315DC}.Release|Any CPU.ActiveCfg = Release|Any CPU
		{579CFB74-6253-4AEE-AC65-135037B315DC}.Release|Any CPU.Build.0 = Release|Any CPU
		{579CFB74-6253-4AEE-AC65-135037B315DC}.Release|iPhone.ActiveCfg = Release|Any CPU
		{579CFB74-6253-4AEE-AC65-135037B315DC}.Release|iPhoneSimulator.ActiveCfg = Release|Any CPU
		{579CFB74-6253-4AEE-AC65-135037B315DC}.Release|Mixed Platforms.ActiveCfg = Release|Any CPU
		{579CFB74-6253-4AEE-AC65-135037B315DC}.Release|Mixed Platforms.Build.0 = Release|Any CPU
		{3973900C-4FD9-4368-B792-A11EFA23F6AE}.Ad-Hoc|Any CPU.ActiveCfg = Release|Any CPU
		{3973900C-4FD9-4368-B792-A11EFA23F6AE}.Ad-Hoc|Any CPU.Build.0 = Release|Any CPU
		{3973900C-4FD9-4368-B792-A11EFA23F6AE}.Ad-Hoc|iPhone.ActiveCfg = Release|Any CPU
		{3973900C-4FD9-4368-B792-A11EFA23F6AE}.Ad-Hoc|iPhoneSimulator.ActiveCfg = Release|Any CPU
		{3973900C-4FD9-4368-B792-A11EFA23F6AE}.Ad-Hoc|Mixed Platforms.ActiveCfg = Release|Any CPU
		{3973900C-4FD9-4368-B792-A11EFA23F6AE}.Ad-Hoc|Mixed Platforms.Build.0 = Release|Any CPU
		{3973900C-4FD9-4368-B792-A11EFA23F6AE}.AppStore|Any CPU.ActiveCfg = Release|Any CPU
		{3973900C-4FD9-4368-B792-A11EFA23F6AE}.AppStore|Any CPU.Build.0 = Release|Any CPU
		{3973900C-4FD9-4368-B792-A11EFA23F6AE}.AppStore|iPhone.ActiveCfg = Release|Any CPU
		{3973900C-4FD9-4368-B792-A11EFA23F6AE}.AppStore|iPhoneSimulator.ActiveCfg = Release|Any CPU
		{3973900C-4FD9-4368-B792-A11EFA23F6AE}.AppStore|Mixed Platforms.ActiveCfg = Release|Any CPU
		{3973900C-4FD9-4368-B792-A11EFA23F6AE}.AppStore|Mixed Platforms.Build.0 = Release|Any CPU
		{3973900C-4FD9-4368-B792-A11EFA23F6AE}.Debug|Any CPU.ActiveCfg = Debug|Any CPU
		{3973900C-4FD9-4368-B792-A11EFA23F6AE}.Debug|Any CPU.Build.0 = Debug|Any CPU
		{3973900C-4FD9-4368-B792-A11EFA23F6AE}.Debug|iPhone.ActiveCfg = Debug|Any CPU
		{3973900C-4FD9-4368-B792-A11EFA23F6AE}.Debug|iPhoneSimulator.ActiveCfg = Debug|Any CPU
		{3973900C-4FD9-4368-B792-A11EFA23F6AE}.Debug|Mixed Platforms.ActiveCfg = Debug|Any CPU
		{3973900C-4FD9-4368-B792-A11EFA23F6AE}.Debug|Mixed Platforms.Build.0 = Debug|Any CPU
		{3973900C-4FD9-4368-B792-A11EFA23F6AE}.Release|Any CPU.ActiveCfg = Release|Any CPU
		{3973900C-4FD9-4368-B792-A11EFA23F6AE}.Release|Any CPU.Build.0 = Release|Any CPU
		{3973900C-4FD9-4368-B792-A11EFA23F6AE}.Release|iPhone.ActiveCfg = Release|Any CPU
		{3973900C-4FD9-4368-B792-A11EFA23F6AE}.Release|iPhoneSimulator.ActiveCfg = Release|Any CPU
		{3973900C-4FD9-4368-B792-A11EFA23F6AE}.Release|Mixed Platforms.ActiveCfg = Release|Any CPU
		{3973900C-4FD9-4368-B792-A11EFA23F6AE}.Release|Mixed Platforms.Build.0 = Release|Any CPU
		{BACCA2C9-93F6-4FF1-9B66-CEE4183843EB}.Ad-Hoc|Any CPU.ActiveCfg = Release|Any CPU
		{BACCA2C9-93F6-4FF1-9B66-CEE4183843EB}.Ad-Hoc|Any CPU.Build.0 = Release|Any CPU
		{BACCA2C9-93F6-4FF1-9B66-CEE4183843EB}.Ad-Hoc|iPhone.ActiveCfg = Release|Any CPU
		{BACCA2C9-93F6-4FF1-9B66-CEE4183843EB}.Ad-Hoc|iPhoneSimulator.ActiveCfg = Release|Any CPU
		{BACCA2C9-93F6-4FF1-9B66-CEE4183843EB}.Ad-Hoc|Mixed Platforms.ActiveCfg = Release|Any CPU
		{BACCA2C9-93F6-4FF1-9B66-CEE4183843EB}.Ad-Hoc|Mixed Platforms.Build.0 = Release|Any CPU
		{BACCA2C9-93F6-4FF1-9B66-CEE4183843EB}.AppStore|Any CPU.ActiveCfg = Release|Any CPU
		{BACCA2C9-93F6-4FF1-9B66-CEE4183843EB}.AppStore|Any CPU.Build.0 = Release|Any CPU
		{BACCA2C9-93F6-4FF1-9B66-CEE4183843EB}.AppStore|iPhone.ActiveCfg = Release|Any CPU
		{BACCA2C9-93F6-4FF1-9B66-CEE4183843EB}.AppStore|iPhoneSimulator.ActiveCfg = Release|Any CPU
		{BACCA2C9-93F6-4FF1-9B66-CEE4183843EB}.AppStore|Mixed Platforms.ActiveCfg = Release|Any CPU
		{BACCA2C9-93F6-4FF1-9B66-CEE4183843EB}.AppStore|Mixed Platforms.Build.0 = Release|Any CPU
		{BACCA2C9-93F6-4FF1-9B66-CEE4183843EB}.Debug|Any CPU.ActiveCfg = Debug|Any CPU
		{BACCA2C9-93F6-4FF1-9B66-CEE4183843EB}.Debug|Any CPU.Build.0 = Debug|Any CPU
		{BACCA2C9-93F6-4FF1-9B66-CEE4183843EB}.Debug|iPhone.ActiveCfg = Debug|Any CPU
		{BACCA2C9-93F6-4FF1-9B66-CEE4183843EB}.Debug|iPhoneSimulator.ActiveCfg = Debug|Any CPU
		{BACCA2C9-93F6-4FF1-9B66-CEE4183843EB}.Debug|Mixed Platforms.ActiveCfg = Debug|Any CPU
		{BACCA2C9-93F6-4FF1-9B66-CEE4183843EB}.Debug|Mixed Platforms.Build.0 = Debug|Any CPU
		{BACCA2C9-93F6-4FF1-9B66-CEE4183843EB}.Release|Any CPU.ActiveCfg = Release|Any CPU
		{BACCA2C9-93F6-4FF1-9B66-CEE4183843EB}.Release|Any CPU.Build.0 = Release|Any CPU
		{BACCA2C9-93F6-4FF1-9B66-CEE4183843EB}.Release|iPhone.ActiveCfg = Release|Any CPU
		{BACCA2C9-93F6-4FF1-9B66-CEE4183843EB}.Release|iPhoneSimulator.ActiveCfg = Release|Any CPU
		{BACCA2C9-93F6-4FF1-9B66-CEE4183843EB}.Release|Mixed Platforms.ActiveCfg = Release|Any CPU
		{BACCA2C9-93F6-4FF1-9B66-CEE4183843EB}.Release|Mixed Platforms.Build.0 = Release|Any CPU
		{A768E484-884C-4EC2-BD9A-F08AFF0C82CE}.Ad-Hoc|Any CPU.ActiveCfg = Release|Any CPU
		{A768E484-884C-4EC2-BD9A-F08AFF0C82CE}.Ad-Hoc|Any CPU.Build.0 = Release|Any CPU
		{A768E484-884C-4EC2-BD9A-F08AFF0C82CE}.Ad-Hoc|iPhone.ActiveCfg = Release|Any CPU
		{A768E484-884C-4EC2-BD9A-F08AFF0C82CE}.Ad-Hoc|iPhoneSimulator.ActiveCfg = Release|Any CPU
		{A768E484-884C-4EC2-BD9A-F08AFF0C82CE}.Ad-Hoc|Mixed Platforms.ActiveCfg = Release|Any CPU
		{A768E484-884C-4EC2-BD9A-F08AFF0C82CE}.Ad-Hoc|Mixed Platforms.Build.0 = Release|Any CPU
		{A768E484-884C-4EC2-BD9A-F08AFF0C82CE}.AppStore|Any CPU.ActiveCfg = Release|Any CPU
		{A768E484-884C-4EC2-BD9A-F08AFF0C82CE}.AppStore|Any CPU.Build.0 = Release|Any CPU
		{A768E484-884C-4EC2-BD9A-F08AFF0C82CE}.AppStore|iPhone.ActiveCfg = Release|Any CPU
		{A768E484-884C-4EC2-BD9A-F08AFF0C82CE}.AppStore|iPhoneSimulator.ActiveCfg = Release|Any CPU
		{A768E484-884C-4EC2-BD9A-F08AFF0C82CE}.AppStore|Mixed Platforms.ActiveCfg = Release|Any CPU
		{A768E484-884C-4EC2-BD9A-F08AFF0C82CE}.AppStore|Mixed Platforms.Build.0 = Release|Any CPU
		{A768E484-884C-4EC2-BD9A-F08AFF0C82CE}.Debug|Any CPU.ActiveCfg = Debug|Any CPU
		{A768E484-884C-4EC2-BD9A-F08AFF0C82CE}.Debug|Any CPU.Build.0 = Debug|Any CPU
		{A768E484-884C-4EC2-BD9A-F08AFF0C82CE}.Debug|iPhone.ActiveCfg = Debug|Any CPU
		{A768E484-884C-4EC2-BD9A-F08AFF0C82CE}.Debug|iPhoneSimulator.ActiveCfg = Debug|Any CPU
		{A768E484-884C-4EC2-BD9A-F08AFF0C82CE}.Debug|Mixed Platforms.ActiveCfg = Debug|Any CPU
		{A768E484-884C-4EC2-BD9A-F08AFF0C82CE}.Debug|Mixed Platforms.Build.0 = Debug|Any CPU
		{A768E484-884C-4EC2-BD9A-F08AFF0C82CE}.Release|Any CPU.ActiveCfg = Release|Any CPU
		{A768E484-884C-4EC2-BD9A-F08AFF0C82CE}.Release|Any CPU.Build.0 = Release|Any CPU
		{A768E484-884C-4EC2-BD9A-F08AFF0C82CE}.Release|iPhone.ActiveCfg = Release|Any CPU
		{A768E484-884C-4EC2-BD9A-F08AFF0C82CE}.Release|iPhoneSimulator.ActiveCfg = Release|Any CPU
		{A768E484-884C-4EC2-BD9A-F08AFF0C82CE}.Release|Mixed Platforms.ActiveCfg = Release|Any CPU
		{A768E484-884C-4EC2-BD9A-F08AFF0C82CE}.Release|Mixed Platforms.Build.0 = Release|Any CPU
		{F32B1531-CCF7-4EF0-A929-FE98D8C4A44A}.Ad-Hoc|Any CPU.ActiveCfg = Release|Any CPU
		{F32B1531-CCF7-4EF0-A929-FE98D8C4A44A}.Ad-Hoc|Any CPU.Build.0 = Release|Any CPU
		{F32B1531-CCF7-4EF0-A929-FE98D8C4A44A}.Ad-Hoc|iPhone.ActiveCfg = Release|Any CPU
		{F32B1531-CCF7-4EF0-A929-FE98D8C4A44A}.Ad-Hoc|iPhoneSimulator.ActiveCfg = Release|Any CPU
		{F32B1531-CCF7-4EF0-A929-FE98D8C4A44A}.Ad-Hoc|Mixed Platforms.ActiveCfg = Release|Any CPU
		{F32B1531-CCF7-4EF0-A929-FE98D8C4A44A}.Ad-Hoc|Mixed Platforms.Build.0 = Release|Any CPU
		{F32B1531-CCF7-4EF0-A929-FE98D8C4A44A}.AppStore|Any CPU.ActiveCfg = Release|Any CPU
		{F32B1531-CCF7-4EF0-A929-FE98D8C4A44A}.AppStore|Any CPU.Build.0 = Release|Any CPU
		{F32B1531-CCF7-4EF0-A929-FE98D8C4A44A}.AppStore|iPhone.ActiveCfg = Release|Any CPU
		{F32B1531-CCF7-4EF0-A929-FE98D8C4A44A}.AppStore|iPhoneSimulator.ActiveCfg = Release|Any CPU
		{F32B1531-CCF7-4EF0-A929-FE98D8C4A44A}.AppStore|Mixed Platforms.ActiveCfg = Release|Any CPU
		{F32B1531-CCF7-4EF0-A929-FE98D8C4A44A}.AppStore|Mixed Platforms.Build.0 = Release|Any CPU
		{F32B1531-CCF7-4EF0-A929-FE98D8C4A44A}.Debug|Any CPU.ActiveCfg = Debug|Any CPU
		{F32B1531-CCF7-4EF0-A929-FE98D8C4A44A}.Debug|Any CPU.Build.0 = Debug|Any CPU
		{F32B1531-CCF7-4EF0-A929-FE98D8C4A44A}.Debug|iPhone.ActiveCfg = Debug|Any CPU
		{F32B1531-CCF7-4EF0-A929-FE98D8C4A44A}.Debug|iPhoneSimulator.ActiveCfg = Debug|Any CPU
		{F32B1531-CCF7-4EF0-A929-FE98D8C4A44A}.Debug|Mixed Platforms.ActiveCfg = Debug|Any CPU
		{F32B1531-CCF7-4EF0-A929-FE98D8C4A44A}.Debug|Mixed Platforms.Build.0 = Debug|Any CPU
		{F32B1531-CCF7-4EF0-A929-FE98D8C4A44A}.Release|Any CPU.ActiveCfg = Release|Any CPU
		{F32B1531-CCF7-4EF0-A929-FE98D8C4A44A}.Release|Any CPU.Build.0 = Release|Any CPU
		{F32B1531-CCF7-4EF0-A929-FE98D8C4A44A}.Release|iPhone.ActiveCfg = Release|Any CPU
		{F32B1531-CCF7-4EF0-A929-FE98D8C4A44A}.Release|iPhoneSimulator.ActiveCfg = Release|Any CPU
		{F32B1531-CCF7-4EF0-A929-FE98D8C4A44A}.Release|Mixed Platforms.ActiveCfg = Release|Any CPU
		{F32B1531-CCF7-4EF0-A929-FE98D8C4A44A}.Release|Mixed Platforms.Build.0 = Release|Any CPU
		{4A23FA4B-CC5C-4FE7-ABEB-11901FDFD698}.Ad-Hoc|Any CPU.ActiveCfg = Release|Any CPU
		{4A23FA4B-CC5C-4FE7-ABEB-11901FDFD698}.Ad-Hoc|Any CPU.Build.0 = Release|Any CPU
		{4A23FA4B-CC5C-4FE7-ABEB-11901FDFD698}.Ad-Hoc|iPhone.ActiveCfg = Release|Any CPU
		{4A23FA4B-CC5C-4FE7-ABEB-11901FDFD698}.Ad-Hoc|iPhone.Build.0 = Release|Any CPU
		{4A23FA4B-CC5C-4FE7-ABEB-11901FDFD698}.Ad-Hoc|iPhoneSimulator.ActiveCfg = Release|Any CPU
		{4A23FA4B-CC5C-4FE7-ABEB-11901FDFD698}.Ad-Hoc|iPhoneSimulator.Build.0 = Release|Any CPU
		{4A23FA4B-CC5C-4FE7-ABEB-11901FDFD698}.Ad-Hoc|Mixed Platforms.ActiveCfg = Release|Any CPU
		{4A23FA4B-CC5C-4FE7-ABEB-11901FDFD698}.Ad-Hoc|Mixed Platforms.Build.0 = Release|Any CPU
		{4A23FA4B-CC5C-4FE7-ABEB-11901FDFD698}.AppStore|Any CPU.ActiveCfg = Release|Any CPU
		{4A23FA4B-CC5C-4FE7-ABEB-11901FDFD698}.AppStore|Any CPU.Build.0 = Release|Any CPU
		{4A23FA4B-CC5C-4FE7-ABEB-11901FDFD698}.AppStore|iPhone.ActiveCfg = Release|Any CPU
		{4A23FA4B-CC5C-4FE7-ABEB-11901FDFD698}.AppStore|iPhone.Build.0 = Release|Any CPU
		{4A23FA4B-CC5C-4FE7-ABEB-11901FDFD698}.AppStore|iPhoneSimulator.ActiveCfg = Release|Any CPU
		{4A23FA4B-CC5C-4FE7-ABEB-11901FDFD698}.AppStore|iPhoneSimulator.Build.0 = Release|Any CPU
		{4A23FA4B-CC5C-4FE7-ABEB-11901FDFD698}.AppStore|Mixed Platforms.ActiveCfg = Release|Any CPU
		{4A23FA4B-CC5C-4FE7-ABEB-11901FDFD698}.AppStore|Mixed Platforms.Build.0 = Release|Any CPU
		{4A23FA4B-CC5C-4FE7-ABEB-11901FDFD698}.Debug|Any CPU.ActiveCfg = Debug|Any CPU
		{4A23FA4B-CC5C-4FE7-ABEB-11901FDFD698}.Debug|Any CPU.Build.0 = Debug|Any CPU
		{4A23FA4B-CC5C-4FE7-ABEB-11901FDFD698}.Debug|iPhone.ActiveCfg = Debug|Any CPU
		{4A23FA4B-CC5C-4FE7-ABEB-11901FDFD698}.Debug|iPhone.Build.0 = Debug|Any CPU
		{4A23FA4B-CC5C-4FE7-ABEB-11901FDFD698}.Debug|iPhoneSimulator.ActiveCfg = Debug|Any CPU
		{4A23FA4B-CC5C-4FE7-ABEB-11901FDFD698}.Debug|iPhoneSimulator.Build.0 = Debug|Any CPU
		{4A23FA4B-CC5C-4FE7-ABEB-11901FDFD698}.Debug|Mixed Platforms.ActiveCfg = Debug|Any CPU
		{4A23FA4B-CC5C-4FE7-ABEB-11901FDFD698}.Debug|Mixed Platforms.Build.0 = Debug|Any CPU
		{4A23FA4B-CC5C-4FE7-ABEB-11901FDFD698}.Release|Any CPU.ActiveCfg = Release|Any CPU
		{4A23FA4B-CC5C-4FE7-ABEB-11901FDFD698}.Release|Any CPU.Build.0 = Release|Any CPU
		{4A23FA4B-CC5C-4FE7-ABEB-11901FDFD698}.Release|iPhone.ActiveCfg = Release|Any CPU
		{4A23FA4B-CC5C-4FE7-ABEB-11901FDFD698}.Release|iPhone.Build.0 = Release|Any CPU
		{4A23FA4B-CC5C-4FE7-ABEB-11901FDFD698}.Release|iPhoneSimulator.ActiveCfg = Release|Any CPU
		{4A23FA4B-CC5C-4FE7-ABEB-11901FDFD698}.Release|iPhoneSimulator.Build.0 = Release|Any CPU
		{4A23FA4B-CC5C-4FE7-ABEB-11901FDFD698}.Release|Mixed Platforms.ActiveCfg = Release|Any CPU
		{4A23FA4B-CC5C-4FE7-ABEB-11901FDFD698}.Release|Mixed Platforms.Build.0 = Release|Any CPU
	EndGlobalSection
	GlobalSection(SolutionProperties) = preSolution
		HideSolutionNode = FALSE
	EndGlobalSection
	GlobalSection(NestedProjects) = preSolution
		{43580422-0F2A-4593-A778-8D3B77B68953} = {6DBCF2D6-59D9-4AB9-BCFD-AA5C1E410073}
		{1E1E73E7-7973-43C5-80F2-968818505E20} = {2F5DCE05-1247-490A-89B0-25BB78BCABB1}
		{A9859AED-F275-49C6-BB3F-00CF31C89FED} = {2F5DCE05-1247-490A-89B0-25BB78BCABB1}
		{60EDEA23-947C-4FEF-A97C-2A324ED133C0} = {2F5DCE05-1247-490A-89B0-25BB78BCABB1}
		{26B8BB75-982F-46D1-9106-1AF0A2E48726} = {2E5E7556-C078-491C-A12D-ED3BFBBAF58A}
		{A1D24335-26DB-439E-A08F-D101E9E7B529} = {2F5DCE05-1247-490A-89B0-25BB78BCABB1}
		{54D3E7B3-A5B2-4E2B-8A1A-2A3F38D818AE} = {6DBCF2D6-59D9-4AB9-BCFD-AA5C1E410073}
		{579CFB74-6253-4AEE-AC65-135037B315DC} = {2F5DCE05-1247-490A-89B0-25BB78BCABB1}
		{3973900C-4FD9-4368-B792-A11EFA23F6AE} = {A807604D-AE67-41E2-9848-402A91875E9B}
		{BACCA2C9-93F6-4FF1-9B66-CEE4183843EB} = {2F5DCE05-1247-490A-89B0-25BB78BCABB1}
		{A768E484-884C-4EC2-BD9A-F08AFF0C82CE} = {6DBCF2D6-59D9-4AB9-BCFD-AA5C1E410073}
		{F32B1531-CCF7-4EF0-A929-FE98D8C4A44A} = {2F5DCE05-1247-490A-89B0-25BB78BCABB1}
		{4A23FA4B-CC5C-4FE7-ABEB-11901FDFD698} = {6DBCF2D6-59D9-4AB9-BCFD-AA5C1E410073}
	EndGlobalSection
	GlobalSection(ExtensibilityGlobals) = postSolution
		SolutionGuid = {BAFE5508-CF7A-4F53-A1F7-8E1001840CF9}
	EndGlobalSection
EndGlobal
